
Microsoft Visual Studio Solution File, Format Version 12.00
# Visual Studio Version 17
VisualStudioVersion = 17.9.34723.18
MinimumVisualStudioVersion = 10.0.40219.1
Project("{FAE04EC0-301F-11D3-BF4B-00C04F79EFBC}") = "Arbitrage.Api", "Arbitrage.Api.csproj", "{6DFE2B41-3B40-4345-904F-77A311540121}"
EndProject
Global
	GlobalSection(SolutionConfigurationPlatforms) = preSolution
		Debug|Any CPU = Debug|Any CPU
		Release|Any CPU = Release|Any CPU
	EndGlobalSection
	GlobalSection(ProjectConfigurationPlatforms) = postSolution
		{6DFE2B41-3B40-4345-904F-77A311540121}.Debug|Any CPU.ActiveCfg = Debug|Any CPU
		{6DFE2B41-3B40-4345-904F-77A311540121}.Debug|Any CPU.Build.0 = Debug|Any CPU
		{6DFE2B41-3B40-4345-904F-77A311540121}.Release|Any CPU.ActiveCfg = Release|Any CPU
		{6DFE2B41-3B40-4345-904F-77A311540121}.Release|Any CPU.Build.0 = Release|Any CPU
	EndGlobalSection
	GlobalSection(SolutionProperties) = preSolution
		HideSolutionNode = FALSE
	EndGlobalSection
	GlobalSection(ExtensibilityGlobals) = postSolution
		SolutionGuid = {1F54355A-BF85-4EFA-BDDF-AF40400F7A48}
	EndGlobalSection
EndGlobal
